
Microsoft Visual Studio Solution File, Format Version 12.00
# Visual Studio Version 17
VisualStudioVersion = 17.0.31903.59
MinimumVisualStudioVersion = 10.0.40219.1
Project("{FAE04EC0-301F-11D3-BF4B-00C04F79EFBC}") = "Crm.Tests.Unit", "Crm.Tests.Unit\Crm.Tests.Unit.csproj", "{D2D53B63-17F2-4E6D-A282-82A4CD351840}"
EndProject
Project("{FAE04EC0-301F-11D3-BF4B-00C04F79EFBC}") = "Crm.Tests.Integration", "Crm.Tests.Integration\Crm.Tests.Integration.csproj", "{B4D9FF22-4BCB-4DED-85BA-98B7469A8692}"
EndProject
Global
	GlobalSection(SolutionConfigurationPlatforms) = preSolution
		Debug|Any CPU = Debug|Any CPU
		Debug|x64 = Debug|x64
		Debug|x86 = Debug|x86
		Release|Any CPU = Release|Any CPU
		Release|x64 = Release|x64
		Release|x86 = Release|x86
	EndGlobalSection
	GlobalSection(ProjectConfigurationPlatforms) = postSolution
		{D2D53B63-17F2-4E6D-A282-82A4CD351840}.Debug|Any CPU.ActiveCfg = Debug|Any CPU
		{D2D53B63-17F2-4E6D-A282-82A4CD351840}.Debug|Any CPU.Build.0 = Debug|Any CPU
		{D2D53B63-17F2-4E6D-A282-82A4CD351840}.Debug|x64.ActiveCfg = Debug|Any CPU
		{D2D53B63-17F2-4E6D-A282-82A4CD351840}.Debug|x64.Build.0 = Debug|Any CPU
		{D2D53B63-17F2-4E6D-A282-82A4CD351840}.Debug|x86.ActiveCfg = Debug|Any CPU
		{D2D53B63-17F2-4E6D-A282-82A4CD351840}.Debug|x86.Build.0 = Debug|Any CPU
		{D2D53B63-17F2-4E6D-A282-82A4CD351840}.Release|Any CPU.ActiveCfg = Release|Any CPU
		{D2D53B63-17F2-4E6D-A282-82A4CD351840}.Release|Any CPU.Build.0 = Release|Any CPU
		{D2D53B63-17F2-4E6D-A282-82A4CD351840}.Release|x64.ActiveCfg = Release|Any CPU
		{D2D53B63-17F2-4E6D-A282-82A4CD351840}.Release|x64.Build.0 = Release|Any CPU
		{D2D53B63-17F2-4E6D-A282-82A4CD351840}.Release|x86.ActiveCfg = Release|Any CPU
		{D2D53B63-17F2-4E6D-A282-82A4CD351840}.Release|x86.Build.0 = Release|Any CPU
		{B4D9FF22-4BCB-4DED-85BA-98B7469A8692}.Debug|Any CPU.ActiveCfg = Debug|Any CPU
		{B4D9FF22-4BCB-4DED-85BA-98B7469A8692}.Debug|Any CPU.Build.0 = Debug|Any CPU
		{B4D9FF22-4BCB-4DED-85BA-98B7469A8692}.Debug|x64.ActiveCfg = Debug|Any CPU
		{B4D9FF22-4BCB-4DED-85BA-98B7469A8692}.Debug|x64.Build.0 = Debug|Any CPU
		{B4D9FF22-4BCB-4DED-85BA-98B7469A8692}.Debug|x86.ActiveCfg = Debug|Any CPU
		{B4D9FF22-4BCB-4DED-85BA-98B7469A8692}.Debug|x86.Build.0 = Debug|Any CPU
		{B4D9FF22-4BCB-4DED-85BA-98B7469A8692}.Release|Any CPU.ActiveCfg = Release|Any CPU
		{B4D9FF22-4BCB-4DED-85BA-98B7469A8692}.Release|Any CPU.Build.0 = Release|Any CPU
		{B4D9FF22-4BCB-4DED-85BA-98B7469A8692}.Release|x64.ActiveCfg = Release|Any CPU
		{B4D9FF22-4BCB-4DED-85BA-98B7469A8692}.Release|x64.Build.0 = Release|Any CPU
		{B4D9FF22-4BCB-4DED-85BA-98B7469A8692}.Release|x86.ActiveCfg = Release|Any CPU
		{B4D9FF22-4BCB-4DED-85BA-98B7469A8692}.Release|x86.Build.0 = Release|Any CPU
	EndGlobalSection
	GlobalSection(SolutionProperties) = preSolution
		HideSolutionNode = FALSE
	EndGlobalSection
EndGlobal
