
Microsoft Visual Studio Solution File, Format Version 12.00
# Visual Studio Version 17
VisualStudioVersion = 17.0.31903.59
MinimumVisualStudioVersion = 10.0.40219.1
Project("{FAE04EC0-301F-11D3-BF4B-00C04F79EFBC}") = "Crm.Domain", "Crm.Domain\Crm.Domain.csproj", "{EA2A85B7-E228-4011-9E31-D461844D7E84}"
EndProject
Project("{FAE04EC0-301F-11D3-BF4B-00C04F79EFBC}") = "Crm.Application", "Crm.Application\Crm.Application.csproj", "{F148997A-680F-4D85-BC12-955A41924EDD}"
EndProject
Project("{FAE04EC0-301F-11D3-BF4B-00C04F79EFBC}") = "Crm.Infrastructure", "Crm.Infrastructure\Crm.Infrastructure.csproj", "{7FA7982F-9129-4546-8137-B116CFADB29C}"
EndProject
Project("{FAE04EC0-301F-11D3-BF4B-00C04F79EFBC}") = "Crm.Shared", "Crm.Shared\Crm.Shared.csproj", "{06A45B70-B27A-46DB-92F6-D51C2D3AFDB2}"
EndProject
Project("{FAE04EC0-301F-11D3-BF4B-00C04F79EFBC}") = "Crm.Api", "Crm.Api\Crm.Api.csproj", "{B49CDF5D-A9E7-4A8C-8CBD-F228AA33B912}"
EndProject
Project("{FAE04EC0-301F-11D3-BF4B-00C04F79EFBC}") = "Crm.Web", "Crm.Web\Crm.Web.csproj", "{2EA8D69E-CC6A-45D5-ACF4-7D0DDA473DB2}"
EndProject
Project("{FAE04EC0-301F-11D3-BF4B-00C04F79EFBC}") = "Crm.Tests.Unit", "..\tests\Crm.Tests.Unit\Crm.Tests.Unit.csproj", "{63228AA1-3238-4514-BC8E-CE5E1034A285}"
EndProject
Project("{FAE04EC0-301F-11D3-BF4B-00C04F79EFBC}") = "Crm.Tests.Integration", "..\tests\Crm.Tests.Integration\Crm.Tests.Integration.csproj", "{7A3B5F58-6B47-4E34-8C56-F999E76B7163}"
EndProject
Project("{FAE04EC0-301F-11D3-BF4B-00C04F79EFBC}") = "Crm.Modules.AiAssistant", "Crm.Modules.AiAssistant\Crm.Modules.AiAssistant.csproj", "{4E068A21-5CF7-473F-A65C-5936AD0696B7}"
EndProject
Project("{FAE04EC0-301F-11D3-BF4B-00C04F79EFBC}") = "Crm.Modules.Integrations.Meta", "Crm.Modules.Integrations.Meta\Crm.Modules.Integrations.Meta.csproj", "{2381C244-9558-4FA9-8799-88A37B025DA1}"
EndProject
Project("{FAE04EC0-301F-11D3-BF4B-00C04F79EFBC}") = "Crm.Modules.Integrations.Twilio", "Crm.Modules.Integrations.Twilio\Crm.Modules.Integrations.Twilio.csproj", "{BF96B3F6-DF16-4859-A567-5B0BF950888D}"
EndProject
Project("{FAE04EC0-301F-11D3-BF4B-00C04F79EFBC}") = "Crm.Modules.Pricing", "Crm.Modules.Pricing\Crm.Modules.Pricing.csproj", "{3F55C39D-3F3A-4CAD-8646-BBD7B25898CB}"
EndProject
Global
	GlobalSection(SolutionConfigurationPlatforms) = preSolution
		Debug|Any CPU = Debug|Any CPU
		Debug|x64 = Debug|x64
		Debug|x86 = Debug|x86
		Release|Any CPU = Release|Any CPU
		Release|x64 = Release|x64
		Release|x86 = Release|x86
	EndGlobalSection
	GlobalSection(ProjectConfigurationPlatforms) = postSolution
		{EA2A85B7-E228-4011-9E31-D461844D7E84}.Debug|Any CPU.ActiveCfg = Debug|Any CPU
		{EA2A85B7-E228-4011-9E31-D461844D7E84}.Debug|Any CPU.Build.0 = Debug|Any CPU
		{EA2A85B7-E228-4011-9E31-D461844D7E84}.Debug|x64.ActiveCfg = Debug|Any CPU
		{EA2A85B7-E228-4011-9E31-D461844D7E84}.Debug|x64.Build.0 = Debug|Any CPU
		{EA2A85B7-E228-4011-9E31-D461844D7E84}.Debug|x86.ActiveCfg = Debug|Any CPU
		{EA2A85B7-E228-4011-9E31-D461844D7E84}.Debug|x86.Build.0 = Debug|Any CPU
		{EA2A85B7-E228-4011-9E31-D461844D7E84}.Release|Any CPU.ActiveCfg = Release|Any CPU
		{EA2A85B7-E228-4011-9E31-D461844D7E84}.Release|Any CPU.Build.0 = Release|Any CPU
		{EA2A85B7-E228-4011-9E31-D461844D7E84}.Release|x64.ActiveCfg = Release|Any CPU
		{EA2A85B7-E228-4011-9E31-D461844D7E84}.Release|x64.Build.0 = Release|Any CPU
		{EA2A85B7-E228-4011-9E31-D461844D7E84}.Release|x86.ActiveCfg = Release|Any CPU
		{EA2A85B7-E228-4011-9E31-D461844D7E84}.Release|x86.Build.0 = Release|Any CPU
		{F148997A-680F-4D85-BC12-955A41924EDD}.Debug|Any CPU.ActiveCfg = Debug|Any CPU
		{F148997A-680F-4D85-BC12-955A41924EDD}.Debug|Any CPU.Build.0 = Debug|Any CPU
		{F148997A-680F-4D85-BC12-955A41924EDD}.Debug|x64.ActiveCfg = Debug|Any CPU
		{F148997A-680F-4D85-BC12-955A41924EDD}.Debug|x64.Build.0 = Debug|Any CPU
		{F148997A-680F-4D85-BC12-955A41924EDD}.Debug|x86.ActiveCfg = Debug|Any CPU
		{F148997A-680F-4D85-BC12-955A41924EDD}.Debug|x86.Build.0 = Debug|Any CPU
		{F148997A-680F-4D85-BC12-955A41924EDD}.Release|Any CPU.ActiveCfg = Release|Any CPU
		{F148997A-680F-4D85-BC12-955A41924EDD}.Release|Any CPU.Build.0 = Release|Any CPU
		{F148997A-680F-4D85-BC12-955A41924EDD}.Release|x64.ActiveCfg = Release|Any CPU
		{F148997A-680F-4D85-BC12-955A41924EDD}.Release|x64.Build.0 = Release|Any CPU
		{F148997A-680F-4D85-BC12-955A41924EDD}.Release|x86.ActiveCfg = Release|Any CPU
		{F148997A-680F-4D85-BC12-955A41924EDD}.Release|x86.Build.0 = Release|Any CPU
		{7FA7982F-9129-4546-8137-B116CFADB29C}.Debug|Any CPU.ActiveCfg = Debug|Any CPU
		{7FA7982F-9129-4546-8137-B116CFADB29C}.Debug|Any CPU.Build.0 = Debug|Any CPU
		{7FA7982F-9129-4546-8137-B116CFADB29C}.Debug|x64.ActiveCfg = Debug|Any CPU
		{7FA7982F-9129-4546-8137-B116CFADB29C}.Debug|x64.Build.0 = Debug|Any CPU
		{7FA7982F-9129-4546-8137-B116CFADB29C}.Debug|x86.ActiveCfg = Debug|Any CPU
		{7FA7982F-9129-4546-8137-B116CFADB29C}.Debug|x86.Build.0 = Debug|Any CPU
		{7FA7982F-9129-4546-8137-B116CFADB29C}.Release|Any CPU.ActiveCfg = Release|Any CPU
		{7FA7982F-9129-4546-8137-B116CFADB29C}.Release|Any CPU.Build.0 = Release|Any CPU
		{7FA7982F-9129-4546-8137-B116CFADB29C}.Release|x64.ActiveCfg = Release|Any CPU
		{7FA7982F-9129-4546-8137-B116CFADB29C}.Release|x64.Build.0 = Release|Any CPU
		{7FA7982F-9129-4546-8137-B116CFADB29C}.Release|x86.ActiveCfg = Release|Any CPU
		{7FA7982F-9129-4546-8137-B116CFADB29C}.Release|x86.Build.0 = Release|Any CPU
		{06A45B70-B27A-46DB-92F6-D51C2D3AFDB2}.Debug|Any CPU.ActiveCfg = Debug|Any CPU
		{06A45B70-B27A-46DB-92F6-D51C2D3AFDB2}.Debug|Any CPU.Build.0 = Debug|Any CPU
		{06A45B70-B27A-46DB-92F6-D51C2D3AFDB2}.Debug|x64.ActiveCfg = Debug|Any CPU
		{06A45B70-B27A-46DB-92F6-D51C2D3AFDB2}.Debug|x64.Build.0 = Debug|Any CPU
		{06A45B70-B27A-46DB-92F6-D51C2D3AFDB2}.Debug|x86.ActiveCfg = Debug|Any CPU
		{06A45B70-B27A-46DB-92F6-D51C2D3AFDB2}.Debug|x86.Build.0 = Debug|Any CPU
		{06A45B70-B27A-46DB-92F6-D51C2D3AFDB2}.Release|Any CPU.ActiveCfg = Release|Any CPU
		{06A45B70-B27A-46DB-92F6-D51C2D3AFDB2}.Release|Any CPU.Build.0 = Release|Any CPU
		{06A45B70-B27A-46DB-92F6-D51C2D3AFDB2}.Release|x64.ActiveCfg = Release|Any CPU
		{06A45B70-B27A-46DB-92F6-D51C2D3AFDB2}.Release|x64.Build.0 = Release|Any CPU
		{06A45B70-B27A-46DB-92F6-D51C2D3AFDB2}.Release|x86.ActiveCfg = Release|Any CPU
		{06A45B70-B27A-46DB-92F6-D51C2D3AFDB2}.Release|x86.Build.0 = Release|Any CPU
		{B49CDF5D-A9E7-4A8C-8CBD-F228AA33B912}.Debug|Any CPU.ActiveCfg = Debug|Any CPU
		{B49CDF5D-A9E7-4A8C-8CBD-F228AA33B912}.Debug|Any CPU.Build.0 = Debug|Any CPU
		{B49CDF5D-A9E7-4A8C-8CBD-F228AA33B912}.Debug|x64.ActiveCfg = Debug|Any CPU
		{B49CDF5D-A9E7-4A8C-8CBD-F228AA33B912}.Debug|x64.Build.0 = Debug|Any CPU
		{B49CDF5D-A9E7-4A8C-8CBD-F228AA33B912}.Debug|x86.ActiveCfg = Debug|Any CPU
		{B49CDF5D-A9E7-4A8C-8CBD-F228AA33B912}.Debug|x86.Build.0 = Debug|Any CPU
		{B49CDF5D-A9E7-4A8C-8CBD-F228AA33B912}.Release|Any CPU.ActiveCfg = Release|Any CPU
		{B49CDF5D-A9E7-4A8C-8CBD-F228AA33B912}.Release|Any CPU.Build.0 = Release|Any CPU
		{B49CDF5D-A9E7-4A8C-8CBD-F228AA33B912}.Release|x64.ActiveCfg = Release|Any CPU
		{B49CDF5D-A9E7-4A8C-8CBD-F228AA33B912}.Release|x64.Build.0 = Release|Any CPU
		{B49CDF5D-A9E7-4A8C-8CBD-F228AA33B912}.Release|x86.ActiveCfg = Release|Any CPU
		{B49CDF5D-A9E7-4A8C-8CBD-F228AA33B912}.Release|x86.Build.0 = Release|Any CPU
		{2EA8D69E-CC6A-45D5-ACF4-7D0DDA473DB2}.Debug|Any CPU.ActiveCfg = Debug|Any CPU
		{2EA8D69E-CC6A-45D5-ACF4-7D0DDA473DB2}.Debug|Any CPU.Build.0 = Debug|Any CPU
		{2EA8D69E-CC6A-45D5-ACF4-7D0DDA473DB2}.Debug|x64.ActiveCfg = Debug|Any CPU
		{2EA8D69E-CC6A-45D5-ACF4-7D0DDA473DB2}.Debug|x64.Build.0 = Debug|Any CPU
		{2EA8D69E-CC6A-45D5-ACF4-7D0DDA473DB2}.Debug|x86.ActiveCfg = Debug|Any CPU
		{2EA8D69E-CC6A-45D5-ACF4-7D0DDA473DB2}.Debug|x86.Build.0 = Debug|Any CPU
		{2EA8D69E-CC6A-45D5-ACF4-7D0DDA473DB2}.Release|Any CPU.ActiveCfg = Release|Any CPU
		{2EA8D69E-CC6A-45D5-ACF4-7D0DDA473DB2}.Release|Any CPU.Build.0 = Release|Any CPU
		{2EA8D69E-CC6A-45D5-ACF4-7D0DDA473DB2}.Release|x64.ActiveCfg = Release|Any CPU
		{2EA8D69E-CC6A-45D5-ACF4-7D0DDA473DB2}.Release|x64.Build.0 = Release|Any CPU
		{2EA8D69E-CC6A-45D5-ACF4-7D0DDA473DB2}.Release|x86.ActiveCfg = Release|Any CPU
		{2EA8D69E-CC6A-45D5-ACF4-7D0DDA473DB2}.Release|x86.Build.0 = Release|Any CPU
		{63228AA1-3238-4514-BC8E-CE5E1034A285}.Debug|Any CPU.ActiveCfg = Debug|Any CPU
		{63228AA1-3238-4514-BC8E-CE5E1034A285}.Debug|Any CPU.Build.0 = Debug|Any CPU
		{63228AA1-3238-4514-BC8E-CE5E1034A285}.Debug|x64.ActiveCfg = Debug|Any CPU
		{63228AA1-3238-4514-BC8E-CE5E1034A285}.Debug|x64.Build.0 = Debug|Any CPU
		{63228AA1-3238-4514-BC8E-CE5E1034A285}.Debug|x86.ActiveCfg = Debug|Any CPU
		{63228AA1-3238-4514-BC8E-CE5E1034A285}.Debug|x86.Build.0 = Debug|Any CPU
		{63228AA1-3238-4514-BC8E-CE5E1034A285}.Release|Any CPU.ActiveCfg = Release|Any CPU
		{63228AA1-3238-4514-BC8E-CE5E1034A285}.Release|Any CPU.Build.0 = Release|Any CPU
		{63228AA1-3238-4514-BC8E-CE5E1034A285}.Release|x64.ActiveCfg = Release|Any CPU
		{63228AA1-3238-4514-BC8E-CE5E1034A285}.Release|x64.Build.0 = Release|Any CPU
		{63228AA1-3238-4514-BC8E-CE5E1034A285}.Release|x86.ActiveCfg = Release|Any CPU
		{63228AA1-3238-4514-BC8E-CE5E1034A285}.Release|x86.Build.0 = Release|Any CPU
		{7A3B5F58-6B47-4E34-8C56-F999E76B7163}.Debug|Any CPU.ActiveCfg = Debug|Any CPU
		{7A3B5F58-6B47-4E34-8C56-F999E76B7163}.Debug|Any CPU.Build.0 = Debug|Any CPU
		{7A3B5F58-6B47-4E34-8C56-F999E76B7163}.Debug|x64.ActiveCfg = Debug|Any CPU
		{7A3B5F58-6B47-4E34-8C56-F999E76B7163}.Debug|x64.Build.0 = Debug|Any CPU
		{7A3B5F58-6B47-4E34-8C56-F999E76B7163}.Debug|x86.ActiveCfg = Debug|Any CPU
		{7A3B5F58-6B47-4E34-8C56-F999E76B7163}.Debug|x86.Build.0 = Debug|Any CPU
		{7A3B5F58-6B47-4E34-8C56-F999E76B7163}.Release|Any CPU.ActiveCfg = Release|Any CPU
		{7A3B5F58-6B47-4E34-8C56-F999E76B7163}.Release|Any CPU.Build.0 = Release|Any CPU
		{7A3B5F58-6B47-4E34-8C56-F999E76B7163}.Release|x64.ActiveCfg = Release|Any CPU
		{7A3B5F58-6B47-4E34-8C56-F999E76B7163}.Release|x64.Build.0 = Release|Any CPU
		{7A3B5F58-6B47-4E34-8C56-F999E76B7163}.Release|x86.ActiveCfg = Release|Any CPU
		{7A3B5F58-6B47-4E34-8C56-F999E76B7163}.Release|x86.Build.0 = Release|Any CPU
		{4E068A21-5CF7-473F-A65C-5936AD0696B7}.Debug|Any CPU.ActiveCfg = Debug|Any CPU
		{4E068A21-5CF7-473F-A65C-5936AD0696B7}.Debug|Any CPU.Build.0 = Debug|Any CPU
		{4E068A21-5CF7-473F-A65C-5936AD0696B7}.Debug|x64.ActiveCfg = Debug|Any CPU
		{4E068A21-5CF7-473F-A65C-5936AD0696B7}.Debug|x64.Build.0 = Debug|Any CPU
		{4E068A21-5CF7-473F-A65C-5936AD0696B7}.Debug|x86.ActiveCfg = Debug|Any CPU
		{4E068A21-5CF7-473F-A65C-5936AD0696B7}.Debug|x86.Build.0 = Debug|Any CPU
		{4E068A21-5CF7-473F-A65C-5936AD0696B7}.Release|Any CPU.ActiveCfg = Release|Any CPU
		{4E068A21-5CF7-473F-A65C-5936AD0696B7}.Release|Any CPU.Build.0 = Release|Any CPU
		{4E068A21-5CF7-473F-A65C-5936AD0696B7}.Release|x64.ActiveCfg = Release|Any CPU
		{4E068A21-5CF7-473F-A65C-5936AD0696B7}.Release|x64.Build.0 = Release|Any CPU
		{4E068A21-5CF7-473F-A65C-5936AD0696B7}.Release|x86.ActiveCfg = Release|Any CPU
		{4E068A21-5CF7-473F-A65C-5936AD0696B7}.Release|x86.Build.0 = Release|Any CPU
		{2381C244-9558-4FA9-8799-88A37B025DA1}.Debug|Any CPU.ActiveCfg = Debug|Any CPU
		{2381C244-9558-4FA9-8799-88A37B025DA1}.Debug|Any CPU.Build.0 = Debug|Any CPU
		{2381C244-9558-4FA9-8799-88A37B025DA1}.Debug|x64.ActiveCfg = Debug|Any CPU
		{2381C244-9558-4FA9-8799-88A37B025DA1}.Debug|x64.Build.0 = Debug|Any CPU
		{2381C244-9558-4FA9-8799-88A37B025DA1}.Debug|x86.ActiveCfg = Debug|Any CPU
		{2381C244-9558-4FA9-8799-88A37B025DA1}.Debug|x86.Build.0 = Debug|Any CPU
		{2381C244-9558-4FA9-8799-88A37B025DA1}.Release|Any CPU.ActiveCfg = Release|Any CPU
		{2381C244-9558-4FA9-8799-88A37B025DA1}.Release|Any CPU.Build.0 = Release|Any CPU
		{2381C244-9558-4FA9-8799-88A37B025DA1}.Release|x64.ActiveCfg = Release|Any CPU
		{2381C244-9558-4FA9-8799-88A37B025DA1}.Release|x64.Build.0 = Release|Any CPU
		{2381C244-9558-4FA9-8799-88A37B025DA1}.Release|x86.ActiveCfg = Release|Any CPU
		{2381C244-9558-4FA9-8799-88A37B025DA1}.Release|x86.Build.0 = Release|Any CPU
		{BF96B3F6-DF16-4859-A567-5B0BF950888D}.Debug|Any CPU.ActiveCfg = Debug|Any CPU
		{BF96B3F6-DF16-4859-A567-5B0BF950888D}.Debug|Any CPU.Build.0 = Debug|Any CPU
		{BF96B3F6-DF16-4859-A567-5B0BF950888D}.Debug|x64.ActiveCfg = Debug|Any CPU
		{BF96B3F6-DF16-4859-A567-5B0BF950888D}.Debug|x64.Build.0 = Debug|Any CPU
		{BF96B3F6-DF16-4859-A567-5B0BF950888D}.Debug|x86.ActiveCfg = Debug|Any CPU
		{BF96B3F6-DF16-4859-A567-5B0BF950888D}.Debug|x86.Build.0 = Debug|Any CPU
		{BF96B3F6-DF16-4859-A567-5B0BF950888D}.Release|Any CPU.ActiveCfg = Release|Any CPU
		{BF96B3F6-DF16-4859-A567-5B0BF950888D}.Release|Any CPU.Build.0 = Release|Any CPU
		{BF96B3F6-DF16-4859-A567-5B0BF950888D}.Release|x64.ActiveCfg = Release|Any CPU
		{BF96B3F6-DF16-4859-A567-5B0BF950888D}.Release|x64.Build.0 = Release|Any CPU
		{BF96B3F6-DF16-4859-A567-5B0BF950888D}.Release|x86.ActiveCfg = Release|Any CPU
		{BF96B3F6-DF16-4859-A567-5B0BF950888D}.Release|x86.Build.0 = Release|Any CPU
		{3F55C39D-3F3A-4CAD-8646-BBD7B25898CB}.Debug|Any CPU.ActiveCfg = Debug|Any CPU
		{3F55C39D-3F3A-4CAD-8646-BBD7B25898CB}.Debug|Any CPU.Build.0 = Debug|Any CPU
		{3F55C39D-3F3A-4CAD-8646-BBD7B25898CB}.Debug|x64.ActiveCfg = Debug|Any CPU
		{3F55C39D-3F3A-4CAD-8646-BBD7B25898CB}.Debug|x64.Build.0 = Debug|Any CPU
		{3F55C39D-3F3A-4CAD-8646-BBD7B25898CB}.Debug|x86.ActiveCfg = Debug|Any CPU
		{3F55C39D-3F3A-4CAD-8646-BBD7B25898CB}.Debug|x86.Build.0 = Debug|Any CPU
		{3F55C39D-3F3A-4CAD-8646-BBD7B25898CB}.Release|Any CPU.ActiveCfg = Release|Any CPU
		{3F55C39D-3F3A-4CAD-8646-BBD7B25898CB}.Release|Any CPU.Build.0 = Release|Any CPU
		{3F55C39D-3F3A-4CAD-8646-BBD7B25898CB}.Release|x64.ActiveCfg = Release|Any CPU
		{3F55C39D-3F3A-4CAD-8646-BBD7B25898CB}.Release|x64.Build.0 = Release|Any CPU
		{3F55C39D-3F3A-4CAD-8646-BBD7B25898CB}.Release|x86.ActiveCfg = Release|Any CPU
		{3F55C39D-3F3A-4CAD-8646-BBD7B25898CB}.Release|x86.Build.0 = Release|Any CPU
	EndGlobalSection
	GlobalSection(SolutionProperties) = preSolution
		HideSolutionNode = FALSE
	EndGlobalSection
EndGlobal
